# This file is automatically @generated by Cargo.
# It is not intended for manual editing.
version = 3

[[package]]
name = "gccjit"
version = "1.0.0"
source = "git+https://github.com/antoyo/gccjit.rs.git#1e6ecc67fe73ac995e511516eacf4fe3aec8974e"
dependencies = [
 "gccjit_sys",
]

[[package]]
name = "gccjit-rustexample"
version = "0.1.0"
dependencies = [
 "gccjit",
]

[[package]]
name = "gccjit_sys"
version = "0.0.1"
source = "git+https://github.com/antoyo/gccjit.rs.git#1e6ecc67fe73ac995e511516eacf4fe3aec8974e"
dependencies = [
 "libc",
]

[[package]]
name = "libc"
version = "0.1.12"
source = "registry+https://github.com/rust-lang/crates.io-index"
checksum = "e32a70cf75e5846d53a673923498228bbec6a8624708a9ea5645f075d6276122"
